
Microsoft Visual Studio Solution File, Format Version 12.00
# Visual Studio Version 17
VisualStudioVersion = 17.10.34928.147
MinimumVisualStudioVersion = 10.0.40219.1
Project("{8BC9CEB8-8B4A-11D0-8D11-00A0C91BC942}") = "lesson_1", "exemple_1\exemple_1.vcxproj", "{E83DCAAF-0E49-497E-8814-44297AE0AA6B}"
EndProject
Project("{8BC9CEB8-8B4A-11D0-8D11-00A0C91BC942}") = "exemple_1", "exemple_2\exemple_2.vcxproj", "{6474B1A0-1FB9-4EF4-9150-B225B8F557BA}"
EndProject
Project("{8BC9CEB8-8B4A-11D0-8D11-00A0C91BC942}") = "exemple__2", "exemple__2\exemple__2.vcxproj", "{5394AA86-47F3-4AFC-98E5-36DB9EFE944B}"
EndProject
Project("{8BC9CEB8-8B4A-11D0-8D11-00A0C91BC942}") = "exemple_3", "exemple_3\exemple_3.vcxproj", "{6E0CD237-EDB2-4D25-AE5B-A9ABE5D998B4}"
EndProject
Project("{8BC9CEB8-8B4A-11D0-8D11-00A0C91BC942}") = "exemple_4", "exemple_4\exemple_4.vcxproj", "{2427D8BD-535E-424A-8770-8CD933C21066}"
EndProject
Project("{8BC9CEB8-8B4A-11D0-8D11-00A0C91BC942}") = "exemple_5", "exemple_5\exemple_5.vcxproj", "{35A713CC-8477-4235-94AD-6EE8882EA835}"
EndProject
Project("{8BC9CEB8-8B4A-11D0-8D11-00A0C91BC942}") = "exemple_6", "exemple_6\exemple_6.vcxproj", "{097C9737-BFC4-4FB5-B115-39C7EEA0835D}"
EndProject
Project("{8BC9CEB8-8B4A-11D0-8D11-00A0C91BC942}") = "option_num", "option_num\option_num.vcxproj", "{D96AAB39-CC4F-4CE2-913D-AAE2D9276F2D}"
EndProject
Project("{8BC9CEB8-8B4A-11D0-8D11-00A0C91BC942}") = "option_num_2", "option_num_2\option_num_2.vcxproj", "{530AAA3A-BBBF-46E7-AB7B-200EA23AFA5E}"
EndProject
Project("{8BC9CEB8-8B4A-11D0-8D11-00A0C91BC942}") = "operation_num", "operation_num\operation_num.vcxproj", "{E1B5A334-45A4-4DF1-8492-4BAF948652F4}"
EndProject
Project("{8BC9CEB8-8B4A-11D0-8D11-00A0C91BC942}") = "operation_num_2", "operation_num_2\operation_num_2.vcxproj", "{F25961B3-73EA-4F03-A702-B7874805EC80}"
EndProject
Project("{8BC9CEB8-8B4A-11D0-8D11-00A0C91BC942}") = "input_output_scan_c", "input_output_scan_c\input_output_scan_c.vcxproj", "{681FB307-4937-4786-B6F6-70BBC1C23DDE}"
EndProject
Project("{8BC9CEB8-8B4A-11D0-8D11-00A0C91BC942}") = "input_output_scan_c_2", "input_output_scan_c_2\input_output_scan_c_2.vcxproj", "{5E74FDC7-7C1C-4518-B6C1-6D8ECE728409}"
EndProject
Project("{8BC9CEB8-8B4A-11D0-8D11-00A0C91BC942}") = "input_output_scan_c_3", "input_output_scan_c_3\input_output_scan_c_3.vcxproj", "{3C84D49C-B36E-42CC-A23F-6C57E002C807}"
EndProject
Project("{8BC9CEB8-8B4A-11D0-8D11-00A0C91BC942}") = "dop_exemple_1", "dop_exemple_1\dop_exemple_1.vcxproj", "{D15909BE-0CDA-4FCA-9458-6F827C41204B}"
EndProject
Project("{8BC9CEB8-8B4A-11D0-8D11-00A0C91BC942}") = "dop_exemple_2", "dop_exemple_2\dop_exemple_2.vcxproj", "{19F3EA33-E57D-4797-ADAA-7A8A3FE472CE}"
EndProject
Project("{8BC9CEB8-8B4A-11D0-8D11-00A0C91BC942}") = "dop_exemple_3", "dop_exemple_3\dop_exemple_3.vcxproj", "{4381BCE2-C62C-4FAF-9D44-C0FDB2533AA4}"
EndProject
Project("{8BC9CEB8-8B4A-11D0-8D11-00A0C91BC942}") = "dop_exemple_4", "dop_exemple_4\dop_exemple_4.vcxproj", "{E03D4EDB-0406-4639-B3F4-1C4622B601C8}"
EndProject
Project("{8BC9CEB8-8B4A-11D0-8D11-00A0C91BC942}") = "dop_exemple_5", "dop_exemple_5\dop_exemple_5.vcxproj", "{B3FC919A-EC9A-4522-BB1B-99CA440E45AC}"
EndProject
Project("{8BC9CEB8-8B4A-11D0-8D11-00A0C91BC942}") = "dop_exemple_6", "dop_exemple_6\dop_exemple_6.vcxproj", "{75A06FD9-3233-4D7A-9BE4-FE5C70DF298B}"
EndProject
Project("{8BC9CEB8-8B4A-11D0-8D11-00A0C91BC942}") = "dop_exemple_7", "dop_exemple_7\dop_exemple_7.vcxproj", "{6CE84AD8-A779-48CE-A646-CC93FCAB5E8D}"
EndProject
Project("{8BC9CEB8-8B4A-11D0-8D11-00A0C91BC942}") = "bit_operation", "bit_operation\bit_operation.vcxproj", "{4DAB7BC1-6F8B-46F4-9FAC-E4D7E831A1D6}"
EndProject
Project("{8BC9CEB8-8B4A-11D0-8D11-00A0C91BC942}") = "if_else_1", "if_else_1\if_else_1.vcxproj", "{1C60A3C7-78B1-43C3-9FCA-44E910EC21E6}"
EndProject
Project("{8BC9CEB8-8B4A-11D0-8D11-00A0C91BC942}") = "if_else_2", "if_else_2\if_else_2.vcxproj", "{83FDD5F8-07A8-4171-BFA6-1EDD65A1965F}"
EndProject
Project("{8BC9CEB8-8B4A-11D0-8D11-00A0C91BC942}") = "if_else_3", "if_else_3\if_else_3.vcxproj", "{751EC2EE-9262-4662-9DB2-C063A451E107}"
EndProject
Project("{8BC9CEB8-8B4A-11D0-8D11-00A0C91BC942}") = "if_else_4", "if_else_4\if_else_4.vcxproj", "{BF378535-E264-48D5-984F-8A09C522CDD7}"
EndProject
Project("{8BC9CEB8-8B4A-11D0-8D11-00A0C91BC942}") = "if_else_5", "if_else_5\if_else_5.vcxproj", "{04FE2456-0C1C-4041-8CE7-19AEC5A67FFC}"
EndProject
Project("{8BC9CEB8-8B4A-11D0-8D11-00A0C91BC942}") = "if_else_6", "if_else_6\if_else_6.vcxproj", "{E700A6CB-CAA7-47D1-8300-5F8BEF037C7F}"
EndProject
Project("{8BC9CEB8-8B4A-11D0-8D11-00A0C91BC942}") = "if_else_7", "if_else\if_else.vcxproj", "{2A36CD96-12D4-4BB6-9196-AFEC995CF6B0}"
EndProject
Project("{8BC9CEB8-8B4A-11D0-8D11-00A0C91BC942}") = "if_else_7_max_min", "if_else_7_max_min\if_else_7_max_min.vcxproj", "{99F3BFFB-29F9-4F92-968B-9C667A9B351F}"
EndProject
Project("{8BC9CEB8-8B4A-11D0-8D11-00A0C91BC942}") = "switch_case_1", "swith_case_1\swith_case_1.vcxproj", "{F1123C6E-9781-4040-826F-B9E66091D862}"
EndProject
Project("{8BC9CEB8-8B4A-11D0-8D11-00A0C91BC942}") = "switch_case_2", "switch_case_2\switch_case_2.vcxproj", "{77C0D5FA-2366-4B5B-B81D-FE6FE23E5BA0}"
EndProject
Project("{8BC9CEB8-8B4A-11D0-8D11-00A0C91BC942}") = "switch_case_3", "switch_case_3\switch_case_3.vcxproj", "{C1252A26-847A-4F86-8B76-1F698CE1E93D}"
EndProject
Project("{8BC9CEB8-8B4A-11D0-8D11-00A0C91BC942}") = "dop_exemple_8", "dop_exemple_8\dop_exemple_8.vcxproj", "{85E0B4C7-745A-4BA3-8386-39D520072BCE}"
EndProject
Project("{8BC9CEB8-8B4A-11D0-8D11-00A0C91BC942}") = "dop_exemple_9", "dop_exemple_9\dop_exemple_9.vcxproj", "{A0DCDA69-3151-4D0A-B1E4-B8A6257797B0}"
EndProject
Project("{8BC9CEB8-8B4A-11D0-8D11-00A0C91BC942}") = "dop_exemple_10", "dop_exemple_10\dop_exemple_10.vcxproj", "{BAB0B627-FFE9-4783-A4FC-EFD4160CA642}"
EndProject
Project("{8BC9CEB8-8B4A-11D0-8D11-00A0C91BC942}") = "dop_exemple_12", "dop_exemple_12\dop_exemple_12.vcxproj", "{113D9DEC-7954-417A-8DE9-3BFE7E774156}"
EndProject
Project("{8BC9CEB8-8B4A-11D0-8D11-00A0C91BC942}") = "dop_exemple_13", "dop_exemple_13\dop_exemple_13.vcxproj", "{4D598EF6-B134-4C4F-9E08-4C412349A370}"
EndProject
Project("{8BC9CEB8-8B4A-11D0-8D11-00A0C91BC942}") = "dop_exemple_14", "dop_exemple_14\dop_exemple_14.vcxproj", "{B75729EC-82DF-4F1E-92D3-2192E6D1493E}"
EndProject
Project("{8BC9CEB8-8B4A-11D0-8D11-00A0C91BC942}") = "dop_exemple_11", "dop_exemple_11\dop_exemple_11.vcxproj", "{97546273-DC88-45E0-AEBF-14D8287A9175}"
EndProject
Project("{8BC9CEB8-8B4A-11D0-8D11-00A0C91BC942}") = "cycle_1", "cycle_1\cycle_1.vcxproj", "{1CC62F7B-90C0-4400-BA9E-445634F4A713}"
EndProject
Project("{8BC9CEB8-8B4A-11D0-8D11-00A0C91BC942}") = "cycle_2", "cycle_2\cycle_2.vcxproj", "{9109B99B-06EC-4E59-A964-58FC0B7F9FEC}"
EndProject
Project("{8BC9CEB8-8B4A-11D0-8D11-00A0C91BC942}") = "cycle_3", "cycle_3\cycle_3.vcxproj", "{05EE3FB3-74D2-4DF2-8F5F-3155D23D8260}"
EndProject
Project("{8BC9CEB8-8B4A-11D0-8D11-00A0C91BC942}") = "cycle_4", "cycle_4\cycle_4.vcxproj", "{B32070EA-EA4C-4F2B-9514-D05729307398}"
EndProject
Project("{8BC9CEB8-8B4A-11D0-8D11-00A0C91BC942}") = "cycle_5", "cycle\cycle.vcxproj", "{BDCFB364-23F2-4B12-A660-4220C07A159F}"
EndProject
Project("{8BC9CEB8-8B4A-11D0-8D11-00A0C91BC942}") = "cycle_6", "cycle_6\cycle_6.vcxproj", "{39CE2AB2-5F0F-4490-B40E-DECDCCA2F084}"
EndProject
Project("{8BC9CEB8-8B4A-11D0-8D11-00A0C91BC942}") = "cycle_7", "cycle_7\cycle_7.vcxproj", "{DCBEE398-1B69-4EB5-A5F4-24582746F5DC}"
EndProject
Project("{8BC9CEB8-8B4A-11D0-8D11-00A0C91BC942}") = "cycle_8", "cycle_8\cycle_8.vcxproj", "{DC792318-A8E7-4578-AECF-E25663E7FE06}"
EndProject
Project("{8BC9CEB8-8B4A-11D0-8D11-00A0C91BC942}") = "cycle_9", "cycle_9\cycle_9.vcxproj", "{6CB95898-D6F7-477B-A6BD-4DCAD109FDAD}"
EndProject
Project("{8BC9CEB8-8B4A-11D0-8D11-00A0C91BC942}") = "cycle_10", "cycle_10\cycle_10.vcxproj", "{C109527C-4F15-46DB-8760-B98A0DBB5B06}"
EndProject
Project("{8BC9CEB8-8B4A-11D0-8D11-00A0C91BC942}") = "cycle_11", "cycle_11\cycle_11.vcxproj", "{0BF0FF54-33D7-4270-ABE9-E734A9FA5044}"
EndProject
Project("{8BC9CEB8-8B4A-11D0-8D11-00A0C91BC942}") = "cycle_12", "cycle_12\cycle_12.vcxproj", "{8DEBB215-3EB5-4434-AADF-BF3B5ABEE4F3}"
EndProject
Project("{8BC9CEB8-8B4A-11D0-8D11-00A0C91BC942}") = "cycle_13", "cycle_13\cycle_13.vcxproj", "{F1A09F82-8300-4513-A8FC-4CA5DE94214C}"
EndProject
Project("{8BC9CEB8-8B4A-11D0-8D11-00A0C91BC942}") = "cycle_14", "cycle_14\cycle_14.vcxproj", "{FF261D65-5D01-45E0-B6B9-D7DD6FCEA523}"
EndProject
Project("{8BC9CEB8-8B4A-11D0-8D11-00A0C91BC942}") = "cycle_15", "cycle_15\cycle_15.vcxproj", "{27A3ADC9-0F90-4563-A18C-BAA8C8382B0A}"
EndProject
Project("{8BC9CEB8-8B4A-11D0-8D11-00A0C91BC942}") = "cycle_16", "cycle_16\cycle_16.vcxproj", "{05E6B655-27E9-4410-86FE-CD49A434E348}"
EndProject
Project("{8BC9CEB8-8B4A-11D0-8D11-00A0C91BC942}") = "array_1", "array_1\array_1.vcxproj", "{1879BD52-EDA1-4184-B478-9A41EAEC419D}"
EndProject
Project("{8BC9CEB8-8B4A-11D0-8D11-00A0C91BC942}") = "array_2", "array_2\array_2.vcxproj", "{054028F9-FDD5-4011-BB7C-4BB69EA4ED47}"
EndProject
Project("{8BC9CEB8-8B4A-11D0-8D11-00A0C91BC942}") = "array_3", "array_3\array_3.vcxproj", "{363A0197-BBC8-46DE-B383-337B9A4F5D3D}"
EndProject
Project("{8BC9CEB8-8B4A-11D0-8D11-00A0C91BC942}") = "array_4", "array_4\array_4.vcxproj", "{8633305A-AE45-4AC9-BF44-8A3D49659DC8}"
EndProject
Project("{8BC9CEB8-8B4A-11D0-8D11-00A0C91BC942}") = "array_5", "array_5\array_5.vcxproj", "{AB45E8DB-3B77-4AF6-A9E4-A8C848D7ECF9}"
EndProject
Project("{8BC9CEB8-8B4A-11D0-8D11-00A0C91BC942}") = "array_6", "array_6\array_6.vcxproj", "{430EE201-64B7-4EAC-AC92-88C68D3F0666}"
EndProject
Project("{8BC9CEB8-8B4A-11D0-8D11-00A0C91BC942}") = "array_7", "array_7\array_7.vcxproj", "{AD655337-FE5B-4372-8B82-A2AEE0F17DF7}"
EndProject
Project("{8BC9CEB8-8B4A-11D0-8D11-00A0C91BC942}") = "array_dub_1", "duble_array_1\duble_array_1.vcxproj", "{37C2EDEF-E640-4A32-96FC-E0D6FDA72557}"
EndProject
Project("{8BC9CEB8-8B4A-11D0-8D11-00A0C91BC942}") = "array_dub_2", "array_dub_2\array_dub_2.vcxproj", "{F8B0F0CD-EC90-4040-9D43-DBA4E73DD96F}"
EndProject
Project("{8BC9CEB8-8B4A-11D0-8D11-00A0C91BC942}") = "array_dab_3", "array_dab_3\array_dab_3.vcxproj", "{F36D56F9-CC78-41CF-BD76-49B30C70BCA8}"
EndProject
Project("{8BC9CEB8-8B4A-11D0-8D11-00A0C91BC942}") = "array_dub_4", "array_dub_4\array_dub_4.vcxproj", "{D021E022-9826-4CD1-A887-F4B5C1FC72A8}"
EndProject
Project("{8BC9CEB8-8B4A-11D0-8D11-00A0C91BC942}") = "array_dub_5", "array_dub_5\array_dub_5.vcxproj", "{92489B80-4DF2-4C0D-A0C6-37D2FBEE7ADF}"
EndProject
Project("{8BC9CEB8-8B4A-11D0-8D11-00A0C91BC942}") = "array_8", "array_8\array_8.vcxproj", "{9951094F-191B-4AAF-A34F-15C7ACA29DC8}"
EndProject
Project("{8BC9CEB8-8B4A-11D0-8D11-00A0C91BC942}") = "array_9", "array_9\array_9.vcxproj", "{1E3AEF22-7676-4D69-9AB3-FEF44A6B11FB}"
EndProject
Project("{8BC9CEB8-8B4A-11D0-8D11-00A0C91BC942}") = "array_10", "array_10\array_10.vcxproj", "{77382351-7BE7-460B-92F3-8D2CE1B2DD9A}"
EndProject
Project("{8BC9CEB8-8B4A-11D0-8D11-00A0C91BC942}") = "indicator_1", "indicator_1\indicator_1.vcxproj", "{2ADA2A66-A40A-4BFC-9E69-A1E923A2BAEA}"
EndProject
Project("{8BC9CEB8-8B4A-11D0-8D11-00A0C91BC942}") = "indicator_2", "indicator_2\indicator_2.vcxproj", "{B01AF297-3CEF-4753-BB03-465AD0CE5B46}"
EndProject
Project("{8BC9CEB8-8B4A-11D0-8D11-00A0C91BC942}") = "indicator_3", "indicator_3\indicator_3.vcxproj", "{98BFBB27-D4F5-453E-A91A-A1986C0231F4}"
EndProject
Project("{8BC9CEB8-8B4A-11D0-8D11-00A0C91BC942}") = "indicator_4", "indicator_4\indicator_4.vcxproj", "{E1808998-B1FF-4BBC-9EFA-8E12DDF1AEFC}"
EndProject
Project("{8BC9CEB8-8B4A-11D0-8D11-00A0C91BC942}") = "indicator_5", "indicator\indicator.vcxproj", "{286BB4B3-134C-43CE-A8B1-7720FD569E1D}"
EndProject
Project("{8BC9CEB8-8B4A-11D0-8D11-00A0C91BC942}") = "indicator_6", "indicator_6\indicator_6.vcxproj", "{60B86573-DFC7-4F36-872A-13241279435D}"
EndProject
Global
	GlobalSection(SolutionConfigurationPlatforms) = preSolution
		Debug|x64 = Debug|x64
		Debug|x86 = Debug|x86
		Release|x64 = Release|x64
		Release|x86 = Release|x86
	EndGlobalSection
	GlobalSection(ProjectConfigurationPlatforms) = postSolution
		{E83DCAAF-0E49-497E-8814-44297AE0AA6B}.Debug|x64.ActiveCfg = Debug|x64
		{E83DCAAF-0E49-497E-8814-44297AE0AA6B}.Debug|x64.Build.0 = Debug|x64
		{E83DCAAF-0E49-497E-8814-44297AE0AA6B}.Debug|x86.ActiveCfg = Debug|Win32
		{E83DCAAF-0E49-497E-8814-44297AE0AA6B}.Debug|x86.Build.0 = Debug|Win32
		{E83DCAAF-0E49-497E-8814-44297AE0AA6B}.Release|x64.ActiveCfg = Release|x64
		{E83DCAAF-0E49-497E-8814-44297AE0AA6B}.Release|x64.Build.0 = Release|x64
		{E83DCAAF-0E49-497E-8814-44297AE0AA6B}.Release|x86.ActiveCfg = Release|Win32
		{E83DCAAF-0E49-497E-8814-44297AE0AA6B}.Release|x86.Build.0 = Release|Win32
		{6474B1A0-1FB9-4EF4-9150-B225B8F557BA}.Debug|x64.ActiveCfg = Debug|x64
		{6474B1A0-1FB9-4EF4-9150-B225B8F557BA}.Debug|x64.Build.0 = Debug|x64
		{6474B1A0-1FB9-4EF4-9150-B225B8F557BA}.Debug|x86.ActiveCfg = Debug|Win32
		{6474B1A0-1FB9-4EF4-9150-B225B8F557BA}.Debug|x86.Build.0 = Debug|Win32
		{6474B1A0-1FB9-4EF4-9150-B225B8F557BA}.Release|x64.ActiveCfg = Release|x64
		{6474B1A0-1FB9-4EF4-9150-B225B8F557BA}.Release|x64.Build.0 = Release|x64
		{6474B1A0-1FB9-4EF4-9150-B225B8F557BA}.Release|x86.ActiveCfg = Release|Win32
		{6474B1A0-1FB9-4EF4-9150-B225B8F557BA}.Release|x86.Build.0 = Release|Win32
		{5394AA86-47F3-4AFC-98E5-36DB9EFE944B}.Debug|x64.ActiveCfg = Debug|x64
		{5394AA86-47F3-4AFC-98E5-36DB9EFE944B}.Debug|x64.Build.0 = Debug|x64
		{5394AA86-47F3-4AFC-98E5-36DB9EFE944B}.Debug|x86.ActiveCfg = Debug|Win32
		{5394AA86-47F3-4AFC-98E5-36DB9EFE944B}.Debug|x86.Build.0 = Debug|Win32
		{5394AA86-47F3-4AFC-98E5-36DB9EFE944B}.Release|x64.ActiveCfg = Release|x64
		{5394AA86-47F3-4AFC-98E5-36DB9EFE944B}.Release|x64.Build.0 = Release|x64
		{5394AA86-47F3-4AFC-98E5-36DB9EFE944B}.Release|x86.ActiveCfg = Release|Win32
		{5394AA86-47F3-4AFC-98E5-36DB9EFE944B}.Release|x86.Build.0 = Release|Win32
		{6E0CD237-EDB2-4D25-AE5B-A9ABE5D998B4}.Debug|x64.ActiveCfg = Debug|x64
		{6E0CD237-EDB2-4D25-AE5B-A9ABE5D998B4}.Debug|x64.Build.0 = Debug|x64
		{6E0CD237-EDB2-4D25-AE5B-A9ABE5D998B4}.Debug|x86.ActiveCfg = Debug|Win32
		{6E0CD237-EDB2-4D25-AE5B-A9ABE5D998B4}.Debug|x86.Build.0 = Debug|Win32
		{6E0CD237-EDB2-4D25-AE5B-A9ABE5D998B4}.Release|x64.ActiveCfg = Release|x64
		{6E0CD237-EDB2-4D25-AE5B-A9ABE5D998B4}.Release|x64.Build.0 = Release|x64
		{6E0CD237-EDB2-4D25-AE5B-A9ABE5D998B4}.Release|x86.ActiveCfg = Release|Win32
		{6E0CD237-EDB2-4D25-AE5B-A9ABE5D998B4}.Release|x86.Build.0 = Release|Win32
		{2427D8BD-535E-424A-8770-8CD933C21066}.Debug|x64.ActiveCfg = Debug|x64
		{2427D8BD-535E-424A-8770-8CD933C21066}.Debug|x64.Build.0 = Debug|x64
		{2427D8BD-535E-424A-8770-8CD933C21066}.Debug|x86.ActiveCfg = Debug|Win32
		{2427D8BD-535E-424A-8770-8CD933C21066}.Debug|x86.Build.0 = Debug|Win32
		{2427D8BD-535E-424A-8770-8CD933C21066}.Release|x64.ActiveCfg = Release|x64
		{2427D8BD-535E-424A-8770-8CD933C21066}.Release|x64.Build.0 = Release|x64
		{2427D8BD-535E-424A-8770-8CD933C21066}.Release|x86.ActiveCfg = Release|Win32
		{2427D8BD-535E-424A-8770-8CD933C21066}.Release|x86.Build.0 = Release|Win32
		{35A713CC-8477-4235-94AD-6EE8882EA835}.Debug|x64.ActiveCfg = Debug|x64
		{35A713CC-8477-4235-94AD-6EE8882EA835}.Debug|x64.Build.0 = Debug|x64
		{35A713CC-8477-4235-94AD-6EE8882EA835}.Debug|x86.ActiveCfg = Debug|Win32
		{35A713CC-8477-4235-94AD-6EE8882EA835}.Debug|x86.Build.0 = Debug|Win32
		{35A713CC-8477-4235-94AD-6EE8882EA835}.Release|x64.ActiveCfg = Release|x64
		{35A713CC-8477-4235-94AD-6EE8882EA835}.Release|x64.Build.0 = Release|x64
		{35A713CC-8477-4235-94AD-6EE8882EA835}.Release|x86.ActiveCfg = Release|Win32
		{35A713CC-8477-4235-94AD-6EE8882EA835}.Release|x86.Build.0 = Release|Win32
		{097C9737-BFC4-4FB5-B115-39C7EEA0835D}.Debug|x64.ActiveCfg = Debug|x64
		{097C9737-BFC4-4FB5-B115-39C7EEA0835D}.Debug|x64.Build.0 = Debug|x64
		{097C9737-BFC4-4FB5-B115-39C7EEA0835D}.Debug|x86.ActiveCfg = Debug|Win32
		{097C9737-BFC4-4FB5-B115-39C7EEA0835D}.Debug|x86.Build.0 = Debug|Win32
		{097C9737-BFC4-4FB5-B115-39C7EEA0835D}.Release|x64.ActiveCfg = Release|x64
		{097C9737-BFC4-4FB5-B115-39C7EEA0835D}.Release|x64.Build.0 = Release|x64
		{097C9737-BFC4-4FB5-B115-39C7EEA0835D}.Release|x86.ActiveCfg = Release|Win32
		{097C9737-BFC4-4FB5-B115-39C7EEA0835D}.Release|x86.Build.0 = Release|Win32
		{D96AAB39-CC4F-4CE2-913D-AAE2D9276F2D}.Debug|x64.ActiveCfg = Debug|x64
		{D96AAB39-CC4F-4CE2-913D-AAE2D9276F2D}.Debug|x64.Build.0 = Debug|x64
		{D96AAB39-CC4F-4CE2-913D-AAE2D9276F2D}.Debug|x86.ActiveCfg = Debug|Win32
		{D96AAB39-CC4F-4CE2-913D-AAE2D9276F2D}.Debug|x86.Build.0 = Debug|Win32
		{D96AAB39-CC4F-4CE2-913D-AAE2D9276F2D}.Release|x64.ActiveCfg = Release|x64
		{D96AAB39-CC4F-4CE2-913D-AAE2D9276F2D}.Release|x64.Build.0 = Release|x64
		{D96AAB39-CC4F-4CE2-913D-AAE2D9276F2D}.Release|x86.ActiveCfg = Release|Win32
		{D96AAB39-CC4F-4CE2-913D-AAE2D9276F2D}.Release|x86.Build.0 = Release|Win32
		{530AAA3A-BBBF-46E7-AB7B-200EA23AFA5E}.Debug|x64.ActiveCfg = Debug|x64
		{530AAA3A-BBBF-46E7-AB7B-200EA23AFA5E}.Debug|x64.Build.0 = Debug|x64
		{530AAA3A-BBBF-46E7-AB7B-200EA23AFA5E}.Debug|x86.ActiveCfg = Debug|Win32
		{530AAA3A-BBBF-46E7-AB7B-200EA23AFA5E}.Debug|x86.Build.0 = Debug|Win32
		{530AAA3A-BBBF-46E7-AB7B-200EA23AFA5E}.Release|x64.ActiveCfg = Release|x64
		{530AAA3A-BBBF-46E7-AB7B-200EA23AFA5E}.Release|x64.Build.0 = Release|x64
		{530AAA3A-BBBF-46E7-AB7B-200EA23AFA5E}.Release|x86.ActiveCfg = Release|Win32
		{530AAA3A-BBBF-46E7-AB7B-200EA23AFA5E}.Release|x86.Build.0 = Release|Win32
		{E1B5A334-45A4-4DF1-8492-4BAF948652F4}.Debug|x64.ActiveCfg = Debug|x64
		{E1B5A334-45A4-4DF1-8492-4BAF948652F4}.Debug|x64.Build.0 = Debug|x64
		{E1B5A334-45A4-4DF1-8492-4BAF948652F4}.Debug|x86.ActiveCfg = Debug|Win32
		{E1B5A334-45A4-4DF1-8492-4BAF948652F4}.Debug|x86.Build.0 = Debug|Win32
		{E1B5A334-45A4-4DF1-8492-4BAF948652F4}.Release|x64.ActiveCfg = Release|x64
		{E1B5A334-45A4-4DF1-8492-4BAF948652F4}.Release|x64.Build.0 = Release|x64
		{E1B5A334-45A4-4DF1-8492-4BAF948652F4}.Release|x86.ActiveCfg = Release|Win32
		{E1B5A334-45A4-4DF1-8492-4BAF948652F4}.Release|x86.Build.0 = Release|Win32
		{F25961B3-73EA-4F03-A702-B7874805EC80}.Debug|x64.ActiveCfg = Debug|x64
		{F25961B3-73EA-4F03-A702-B7874805EC80}.Debug|x64.Build.0 = Debug|x64
		{F25961B3-73EA-4F03-A702-B7874805EC80}.Debug|x86.ActiveCfg = Debug|Win32
		{F25961B3-73EA-4F03-A702-B7874805EC80}.Debug|x86.Build.0 = Debug|Win32
		{F25961B3-73EA-4F03-A702-B7874805EC80}.Release|x64.ActiveCfg = Release|x64
		{F25961B3-73EA-4F03-A702-B7874805EC80}.Release|x64.Build.0 = Release|x64
		{F25961B3-73EA-4F03-A702-B7874805EC80}.Release|x86.ActiveCfg = Release|Win32
		{F25961B3-73EA-4F03-A702-B7874805EC80}.Release|x86.Build.0 = Release|Win32
		{681FB307-4937-4786-B6F6-70BBC1C23DDE}.Debug|x64.ActiveCfg = Debug|x64
		{681FB307-4937-4786-B6F6-70BBC1C23DDE}.Debug|x64.Build.0 = Debug|x64
		{681FB307-4937-4786-B6F6-70BBC1C23DDE}.Debug|x86.ActiveCfg = Debug|Win32
		{681FB307-4937-4786-B6F6-70BBC1C23DDE}.Debug|x86.Build.0 = Debug|Win32
		{681FB307-4937-4786-B6F6-70BBC1C23DDE}.Release|x64.ActiveCfg = Release|x64
		{681FB307-4937-4786-B6F6-70BBC1C23DDE}.Release|x64.Build.0 = Release|x64
		{681FB307-4937-4786-B6F6-70BBC1C23DDE}.Release|x86.ActiveCfg = Release|Win32
		{681FB307-4937-4786-B6F6-70BBC1C23DDE}.Release|x86.Build.0 = Release|Win32
		{5E74FDC7-7C1C-4518-B6C1-6D8ECE728409}.Debug|x64.ActiveCfg = Debug|x64
		{5E74FDC7-7C1C-4518-B6C1-6D8ECE728409}.Debug|x64.Build.0 = Debug|x64
		{5E74FDC7-7C1C-4518-B6C1-6D8ECE728409}.Debug|x86.ActiveCfg = Debug|Win32
		{5E74FDC7-7C1C-4518-B6C1-6D8ECE728409}.Debug|x86.Build.0 = Debug|Win32
		{5E74FDC7-7C1C-4518-B6C1-6D8ECE728409}.Release|x64.ActiveCfg = Release|x64
		{5E74FDC7-7C1C-4518-B6C1-6D8ECE728409}.Release|x64.Build.0 = Release|x64
		{5E74FDC7-7C1C-4518-B6C1-6D8ECE728409}.Release|x86.ActiveCfg = Release|Win32
		{5E74FDC7-7C1C-4518-B6C1-6D8ECE728409}.Release|x86.Build.0 = Release|Win32
		{3C84D49C-B36E-42CC-A23F-6C57E002C807}.Debug|x64.ActiveCfg = Debug|x64
		{3C84D49C-B36E-42CC-A23F-6C57E002C807}.Debug|x64.Build.0 = Debug|x64
		{3C84D49C-B36E-42CC-A23F-6C57E002C807}.Debug|x86.ActiveCfg = Debug|Win32
		{3C84D49C-B36E-42CC-A23F-6C57E002C807}.Debug|x86.Build.0 = Debug|Win32
		{3C84D49C-B36E-42CC-A23F-6C57E002C807}.Release|x64.ActiveCfg = Release|x64
		{3C84D49C-B36E-42CC-A23F-6C57E002C807}.Release|x64.Build.0 = Release|x64
		{3C84D49C-B36E-42CC-A23F-6C57E002C807}.Release|x86.ActiveCfg = Release|Win32
		{3C84D49C-B36E-42CC-A23F-6C57E002C807}.Release|x86.Build.0 = Release|Win32
		{D15909BE-0CDA-4FCA-9458-6F827C41204B}.Debug|x64.ActiveCfg = Debug|x64
		{D15909BE-0CDA-4FCA-9458-6F827C41204B}.Debug|x64.Build.0 = Debug|x64
		{D15909BE-0CDA-4FCA-9458-6F827C41204B}.Debug|x86.ActiveCfg = Debug|Win32
		{D15909BE-0CDA-4FCA-9458-6F827C41204B}.Debug|x86.Build.0 = Debug|Win32
		{D15909BE-0CDA-4FCA-9458-6F827C41204B}.Release|x64.ActiveCfg = Release|x64
		{D15909BE-0CDA-4FCA-9458-6F827C41204B}.Release|x64.Build.0 = Release|x64
		{D15909BE-0CDA-4FCA-9458-6F827C41204B}.Release|x86.ActiveCfg = Release|Win32
		{D15909BE-0CDA-4FCA-9458-6F827C41204B}.Release|x86.Build.0 = Release|Win32
		{19F3EA33-E57D-4797-ADAA-7A8A3FE472CE}.Debug|x64.ActiveCfg = Debug|x64
		{19F3EA33-E57D-4797-ADAA-7A8A3FE472CE}.Debug|x64.Build.0 = Debug|x64
		{19F3EA33-E57D-4797-ADAA-7A8A3FE472CE}.Debug|x86.ActiveCfg = Debug|Win32
		{19F3EA33-E57D-4797-ADAA-7A8A3FE472CE}.Debug|x86.Build.0 = Debug|Win32
		{19F3EA33-E57D-4797-ADAA-7A8A3FE472CE}.Release|x64.ActiveCfg = Release|x64
		{19F3EA33-E57D-4797-ADAA-7A8A3FE472CE}.Release|x64.Build.0 = Release|x64
		{19F3EA33-E57D-4797-ADAA-7A8A3FE472CE}.Release|x86.ActiveCfg = Release|Win32
		{19F3EA33-E57D-4797-ADAA-7A8A3FE472CE}.Release|x86.Build.0 = Release|Win32
		{4381BCE2-C62C-4FAF-9D44-C0FDB2533AA4}.Debug|x64.ActiveCfg = Debug|x64
		{4381BCE2-C62C-4FAF-9D44-C0FDB2533AA4}.Debug|x64.Build.0 = Debug|x64
		{4381BCE2-C62C-4FAF-9D44-C0FDB2533AA4}.Debug|x86.ActiveCfg = Debug|Win32
		{4381BCE2-C62C-4FAF-9D44-C0FDB2533AA4}.Debug|x86.Build.0 = Debug|Win32
		{4381BCE2-C62C-4FAF-9D44-C0FDB2533AA4}.Release|x64.ActiveCfg = Release|x64
		{4381BCE2-C62C-4FAF-9D44-C0FDB2533AA4}.Release|x64.Build.0 = Release|x64
		{4381BCE2-C62C-4FAF-9D44-C0FDB2533AA4}.Release|x86.ActiveCfg = Release|Win32
		{4381BCE2-C62C-4FAF-9D44-C0FDB2533AA4}.Release|x86.Build.0 = Release|Win32
		{E03D4EDB-0406-4639-B3F4-1C4622B601C8}.Debug|x64.ActiveCfg = Debug|x64
		{E03D4EDB-0406-4639-B3F4-1C4622B601C8}.Debug|x64.Build.0 = Debug|x64
		{E03D4EDB-0406-4639-B3F4-1C4622B601C8}.Debug|x86.ActiveCfg = Debug|Win32
		{E03D4EDB-0406-4639-B3F4-1C4622B601C8}.Debug|x86.Build.0 = Debug|Win32
		{E03D4EDB-0406-4639-B3F4-1C4622B601C8}.Release|x64.ActiveCfg = Release|x64
		{E03D4EDB-0406-4639-B3F4-1C4622B601C8}.Release|x64.Build.0 = Release|x64
		{E03D4EDB-0406-4639-B3F4-1C4622B601C8}.Release|x86.ActiveCfg = Release|Win32
		{E03D4EDB-0406-4639-B3F4-1C4622B601C8}.Release|x86.Build.0 = Release|Win32
		{B3FC919A-EC9A-4522-BB1B-99CA440E45AC}.Debug|x64.ActiveCfg = Debug|x64
		{B3FC919A-EC9A-4522-BB1B-99CA440E45AC}.Debug|x64.Build.0 = Debug|x64
		{B3FC919A-EC9A-4522-BB1B-99CA440E45AC}.Debug|x86.ActiveCfg = Debug|Win32
		{B3FC919A-EC9A-4522-BB1B-99CA440E45AC}.Debug|x86.Build.0 = Debug|Win32
		{B3FC919A-EC9A-4522-BB1B-99CA440E45AC}.Release|x64.ActiveCfg = Release|x64
		{B3FC919A-EC9A-4522-BB1B-99CA440E45AC}.Release|x64.Build.0 = Release|x64
		{B3FC919A-EC9A-4522-BB1B-99CA440E45AC}.Release|x86.ActiveCfg = Release|Win32
		{B3FC919A-EC9A-4522-BB1B-99CA440E45AC}.Release|x86.Build.0 = Release|Win32
		{75A06FD9-3233-4D7A-9BE4-FE5C70DF298B}.Debug|x64.ActiveCfg = Debug|x64
		{75A06FD9-3233-4D7A-9BE4-FE5C70DF298B}.Debug|x64.Build.0 = Debug|x64
		{75A06FD9-3233-4D7A-9BE4-FE5C70DF298B}.Debug|x86.ActiveCfg = Debug|Win32
		{75A06FD9-3233-4D7A-9BE4-FE5C70DF298B}.Debug|x86.Build.0 = Debug|Win32
		{75A06FD9-3233-4D7A-9BE4-FE5C70DF298B}.Release|x64.ActiveCfg = Release|x64
		{75A06FD9-3233-4D7A-9BE4-FE5C70DF298B}.Release|x64.Build.0 = Release|x64
		{75A06FD9-3233-4D7A-9BE4-FE5C70DF298B}.Release|x86.ActiveCfg = Release|Win32
		{75A06FD9-3233-4D7A-9BE4-FE5C70DF298B}.Release|x86.Build.0 = Release|Win32
		{6CE84AD8-A779-48CE-A646-CC93FCAB5E8D}.Debug|x64.ActiveCfg = Debug|x64
		{6CE84AD8-A779-48CE-A646-CC93FCAB5E8D}.Debug|x64.Build.0 = Debug|x64
		{6CE84AD8-A779-48CE-A646-CC93FCAB5E8D}.Debug|x86.ActiveCfg = Debug|Win32
		{6CE84AD8-A779-48CE-A646-CC93FCAB5E8D}.Debug|x86.Build.0 = Debug|Win32
		{6CE84AD8-A779-48CE-A646-CC93FCAB5E8D}.Release|x64.ActiveCfg = Release|x64
		{6CE84AD8-A779-48CE-A646-CC93FCAB5E8D}.Release|x64.Build.0 = Release|x64
		{6CE84AD8-A779-48CE-A646-CC93FCAB5E8D}.Release|x86.ActiveCfg = Release|Win32
		{6CE84AD8-A779-48CE-A646-CC93FCAB5E8D}.Release|x86.Build.0 = Release|Win32
		{4DAB7BC1-6F8B-46F4-9FAC-E4D7E831A1D6}.Debug|x64.ActiveCfg = Debug|x64
		{4DAB7BC1-6F8B-46F4-9FAC-E4D7E831A1D6}.Debug|x64.Build.0 = Debug|x64
		{4DAB7BC1-6F8B-46F4-9FAC-E4D7E831A1D6}.Debug|x86.ActiveCfg = Debug|Win32
		{4DAB7BC1-6F8B-46F4-9FAC-E4D7E831A1D6}.Debug|x86.Build.0 = Debug|Win32
		{4DAB7BC1-6F8B-46F4-9FAC-E4D7E831A1D6}.Release|x64.ActiveCfg = Release|x64
		{4DAB7BC1-6F8B-46F4-9FAC-E4D7E831A1D6}.Release|x64.Build.0 = Release|x64
		{4DAB7BC1-6F8B-46F4-9FAC-E4D7E831A1D6}.Release|x86.ActiveCfg = Release|Win32
		{4DAB7BC1-6F8B-46F4-9FAC-E4D7E831A1D6}.Release|x86.Build.0 = Release|Win32
		{1C60A3C7-78B1-43C3-9FCA-44E910EC21E6}.Debug|x64.ActiveCfg = Debug|x64
		{1C60A3C7-78B1-43C3-9FCA-44E910EC21E6}.Debug|x64.Build.0 = Debug|x64
		{1C60A3C7-78B1-43C3-9FCA-44E910EC21E6}.Debug|x86.ActiveCfg = Debug|Win32
		{1C60A3C7-78B1-43C3-9FCA-44E910EC21E6}.Debug|x86.Build.0 = Debug|Win32
		{1C60A3C7-78B1-43C3-9FCA-44E910EC21E6}.Release|x64.ActiveCfg = Release|x64
		{1C60A3C7-78B1-43C3-9FCA-44E910EC21E6}.Release|x64.Build.0 = Release|x64
		{1C60A3C7-78B1-43C3-9FCA-44E910EC21E6}.Release|x86.ActiveCfg = Release|Win32
		{1C60A3C7-78B1-43C3-9FCA-44E910EC21E6}.Release|x86.Build.0 = Release|Win32
		{83FDD5F8-07A8-4171-BFA6-1EDD65A1965F}.Debug|x64.ActiveCfg = Debug|x64
		{83FDD5F8-07A8-4171-BFA6-1EDD65A1965F}.Debug|x64.Build.0 = Debug|x64
		{83FDD5F8-07A8-4171-BFA6-1EDD65A1965F}.Debug|x86.ActiveCfg = Debug|Win32
		{83FDD5F8-07A8-4171-BFA6-1EDD65A1965F}.Debug|x86.Build.0 = Debug|Win32
		{83FDD5F8-07A8-4171-BFA6-1EDD65A1965F}.Release|x64.ActiveCfg = Release|x64
		{83FDD5F8-07A8-4171-BFA6-1EDD65A1965F}.Release|x64.Build.0 = Release|x64
		{83FDD5F8-07A8-4171-BFA6-1EDD65A1965F}.Release|x86.ActiveCfg = Release|Win32
		{83FDD5F8-07A8-4171-BFA6-1EDD65A1965F}.Release|x86.Build.0 = Release|Win32
		{751EC2EE-9262-4662-9DB2-C063A451E107}.Debug|x64.ActiveCfg = Debug|x64
		{751EC2EE-9262-4662-9DB2-C063A451E107}.Debug|x64.Build.0 = Debug|x64
		{751EC2EE-9262-4662-9DB2-C063A451E107}.Debug|x86.ActiveCfg = Debug|Win32
		{751EC2EE-9262-4662-9DB2-C063A451E107}.Debug|x86.Build.0 = Debug|Win32
		{751EC2EE-9262-4662-9DB2-C063A451E107}.Release|x64.ActiveCfg = Release|x64
		{751EC2EE-9262-4662-9DB2-C063A451E107}.Release|x64.Build.0 = Release|x64
		{751EC2EE-9262-4662-9DB2-C063A451E107}.Release|x86.ActiveCfg = Release|Win32
		{751EC2EE-9262-4662-9DB2-C063A451E107}.Release|x86.Build.0 = Release|Win32
		{BF378535-E264-48D5-984F-8A09C522CDD7}.Debug|x64.ActiveCfg = Debug|x64
		{BF378535-E264-48D5-984F-8A09C522CDD7}.Debug|x64.Build.0 = Debug|x64
		{BF378535-E264-48D5-984F-8A09C522CDD7}.Debug|x86.ActiveCfg = Debug|Win32
		{BF378535-E264-48D5-984F-8A09C522CDD7}.Debug|x86.Build.0 = Debug|Win32
		{BF378535-E264-48D5-984F-8A09C522CDD7}.Release|x64.ActiveCfg = Release|x64
		{BF378535-E264-48D5-984F-8A09C522CDD7}.Release|x64.Build.0 = Release|x64
		{BF378535-E264-48D5-984F-8A09C522CDD7}.Release|x86.ActiveCfg = Release|Win32
		{BF378535-E264-48D5-984F-8A09C522CDD7}.Release|x86.Build.0 = Release|Win32
		{04FE2456-0C1C-4041-8CE7-19AEC5A67FFC}.Debug|x64.ActiveCfg = Debug|x64
		{04FE2456-0C1C-4041-8CE7-19AEC5A67FFC}.Debug|x64.Build.0 = Debug|x64
		{04FE2456-0C1C-4041-8CE7-19AEC5A67FFC}.Debug|x86.ActiveCfg = Debug|Win32
		{04FE2456-0C1C-4041-8CE7-19AEC5A67FFC}.Debug|x86.Build.0 = Debug|Win32
		{04FE2456-0C1C-4041-8CE7-19AEC5A67FFC}.Release|x64.ActiveCfg = Release|x64
		{04FE2456-0C1C-4041-8CE7-19AEC5A67FFC}.Release|x64.Build.0 = Release|x64
		{04FE2456-0C1C-4041-8CE7-19AEC5A67FFC}.Release|x86.ActiveCfg = Release|Win32
		{04FE2456-0C1C-4041-8CE7-19AEC5A67FFC}.Release|x86.Build.0 = Release|Win32
		{E700A6CB-CAA7-47D1-8300-5F8BEF037C7F}.Debug|x64.ActiveCfg = Debug|x64
		{E700A6CB-CAA7-47D1-8300-5F8BEF037C7F}.Debug|x64.Build.0 = Debug|x64
		{E700A6CB-CAA7-47D1-8300-5F8BEF037C7F}.Debug|x86.ActiveCfg = Debug|Win32
		{E700A6CB-CAA7-47D1-8300-5F8BEF037C7F}.Debug|x86.Build.0 = Debug|Win32
		{E700A6CB-CAA7-47D1-8300-5F8BEF037C7F}.Release|x64.ActiveCfg = Release|x64
		{E700A6CB-CAA7-47D1-8300-5F8BEF037C7F}.Release|x64.Build.0 = Release|x64
		{E700A6CB-CAA7-47D1-8300-5F8BEF037C7F}.Release|x86.ActiveCfg = Release|Win32
		{E700A6CB-CAA7-47D1-8300-5F8BEF037C7F}.Release|x86.Build.0 = Release|Win32
		{2A36CD96-12D4-4BB6-9196-AFEC995CF6B0}.Debug|x64.ActiveCfg = Debug|x64
		{2A36CD96-12D4-4BB6-9196-AFEC995CF6B0}.Debug|x64.Build.0 = Debug|x64
		{2A36CD96-12D4-4BB6-9196-AFEC995CF6B0}.Debug|x86.ActiveCfg = Debug|Win32
		{2A36CD96-12D4-4BB6-9196-AFEC995CF6B0}.Debug|x86.Build.0 = Debug|Win32
		{2A36CD96-12D4-4BB6-9196-AFEC995CF6B0}.Release|x64.ActiveCfg = Release|x64
		{2A36CD96-12D4-4BB6-9196-AFEC995CF6B0}.Release|x64.Build.0 = Release|x64
		{2A36CD96-12D4-4BB6-9196-AFEC995CF6B0}.Release|x86.ActiveCfg = Release|Win32
		{2A36CD96-12D4-4BB6-9196-AFEC995CF6B0}.Release|x86.Build.0 = Release|Win32
		{99F3BFFB-29F9-4F92-968B-9C667A9B351F}.Debug|x64.ActiveCfg = Debug|x64
		{99F3BFFB-29F9-4F92-968B-9C667A9B351F}.Debug|x64.Build.0 = Debug|x64
		{99F3BFFB-29F9-4F92-968B-9C667A9B351F}.Debug|x86.ActiveCfg = Debug|Win32
		{99F3BFFB-29F9-4F92-968B-9C667A9B351F}.Debug|x86.Build.0 = Debug|Win32
		{99F3BFFB-29F9-4F92-968B-9C667A9B351F}.Release|x64.ActiveCfg = Release|x64
		{99F3BFFB-29F9-4F92-968B-9C667A9B351F}.Release|x64.Build.0 = Release|x64
		{99F3BFFB-29F9-4F92-968B-9C667A9B351F}.Release|x86.ActiveCfg = Release|Win32
		{99F3BFFB-29F9-4F92-968B-9C667A9B351F}.Release|x86.Build.0 = Release|Win32
		{F1123C6E-9781-4040-826F-B9E66091D862}.Debug|x64.ActiveCfg = Debug|x64
		{F1123C6E-9781-4040-826F-B9E66091D862}.Debug|x64.Build.0 = Debug|x64
		{F1123C6E-9781-4040-826F-B9E66091D862}.Debug|x86.ActiveCfg = Debug|Win32
		{F1123C6E-9781-4040-826F-B9E66091D862}.Debug|x86.Build.0 = Debug|Win32
		{F1123C6E-9781-4040-826F-B9E66091D862}.Release|x64.ActiveCfg = Release|x64
		{F1123C6E-9781-4040-826F-B9E66091D862}.Release|x64.Build.0 = Release|x64
		{F1123C6E-9781-4040-826F-B9E66091D862}.Release|x86.ActiveCfg = Release|Win32
		{F1123C6E-9781-4040-826F-B9E66091D862}.Release|x86.Build.0 = Release|Win32
		{77C0D5FA-2366-4B5B-B81D-FE6FE23E5BA0}.Debug|x64.ActiveCfg = Debug|x64
		{77C0D5FA-2366-4B5B-B81D-FE6FE23E5BA0}.Debug|x64.Build.0 = Debug|x64
		{77C0D5FA-2366-4B5B-B81D-FE6FE23E5BA0}.Debug|x86.ActiveCfg = Debug|Win32
		{77C0D5FA-2366-4B5B-B81D-FE6FE23E5BA0}.Debug|x86.Build.0 = Debug|Win32
		{77C0D5FA-2366-4B5B-B81D-FE6FE23E5BA0}.Release|x64.ActiveCfg = Release|x64
		{77C0D5FA-2366-4B5B-B81D-FE6FE23E5BA0}.Release|x64.Build.0 = Release|x64
		{77C0D5FA-2366-4B5B-B81D-FE6FE23E5BA0}.Release|x86.ActiveCfg = Release|Win32
		{77C0D5FA-2366-4B5B-B81D-FE6FE23E5BA0}.Release|x86.Build.0 = Release|Win32
		{C1252A26-847A-4F86-8B76-1F698CE1E93D}.Debug|x64.ActiveCfg = Debug|x64
		{C1252A26-847A-4F86-8B76-1F698CE1E93D}.Debug|x64.Build.0 = Debug|x64
		{C1252A26-847A-4F86-8B76-1F698CE1E93D}.Debug|x86.ActiveCfg = Debug|Win32
		{C1252A26-847A-4F86-8B76-1F698CE1E93D}.Debug|x86.Build.0 = Debug|Win32
		{C1252A26-847A-4F86-8B76-1F698CE1E93D}.Release|x64.ActiveCfg = Release|x64
		{C1252A26-847A-4F86-8B76-1F698CE1E93D}.Release|x64.Build.0 = Release|x64
		{C1252A26-847A-4F86-8B76-1F698CE1E93D}.Release|x86.ActiveCfg = Release|Win32
		{C1252A26-847A-4F86-8B76-1F698CE1E93D}.Release|x86.Build.0 = Release|Win32
		{85E0B4C7-745A-4BA3-8386-39D520072BCE}.Debug|x64.ActiveCfg = Debug|x64
		{85E0B4C7-745A-4BA3-8386-39D520072BCE}.Debug|x64.Build.0 = Debug|x64
		{85E0B4C7-745A-4BA3-8386-39D520072BCE}.Debug|x86.ActiveCfg = Debug|Win32
		{85E0B4C7-745A-4BA3-8386-39D520072BCE}.Debug|x86.Build.0 = Debug|Win32
		{85E0B4C7-745A-4BA3-8386-39D520072BCE}.Release|x64.ActiveCfg = Release|x64
		{85E0B4C7-745A-4BA3-8386-39D520072BCE}.Release|x64.Build.0 = Release|x64
		{85E0B4C7-745A-4BA3-8386-39D520072BCE}.Release|x86.ActiveCfg = Release|Win32
		{85E0B4C7-745A-4BA3-8386-39D520072BCE}.Release|x86.Build.0 = Release|Win32
		{A0DCDA69-3151-4D0A-B1E4-B8A6257797B0}.Debug|x64.ActiveCfg = Debug|x64
		{A0DCDA69-3151-4D0A-B1E4-B8A6257797B0}.Debug|x64.Build.0 = Debug|x64
		{A0DCDA69-3151-4D0A-B1E4-B8A6257797B0}.Debug|x86.ActiveCfg = Debug|Win32
		{A0DCDA69-3151-4D0A-B1E4-B8A6257797B0}.Debug|x86.Build.0 = Debug|Win32
		{A0DCDA69-3151-4D0A-B1E4-B8A6257797B0}.Release|x64.ActiveCfg = Release|x64
		{A0DCDA69-3151-4D0A-B1E4-B8A6257797B0}.Release|x64.Build.0 = Release|x64
		{A0DCDA69-3151-4D0A-B1E4-B8A6257797B0}.Release|x86.ActiveCfg = Release|Win32
		{A0DCDA69-3151-4D0A-B1E4-B8A6257797B0}.Release|x86.Build.0 = Release|Win32
		{BAB0B627-FFE9-4783-A4FC-EFD4160CA642}.Debug|x64.ActiveCfg = Debug|x64
		{BAB0B627-FFE9-4783-A4FC-EFD4160CA642}.Debug|x64.Build.0 = Debug|x64
		{BAB0B627-FFE9-4783-A4FC-EFD4160CA642}.Debug|x86.ActiveCfg = Debug|Win32
		{BAB0B627-FFE9-4783-A4FC-EFD4160CA642}.Debug|x86.Build.0 = Debug|Win32
		{BAB0B627-FFE9-4783-A4FC-EFD4160CA642}.Release|x64.ActiveCfg = Release|x64
		{BAB0B627-FFE9-4783-A4FC-EFD4160CA642}.Release|x64.Build.0 = Release|x64
		{BAB0B627-FFE9-4783-A4FC-EFD4160CA642}.Release|x86.ActiveCfg = Release|Win32
		{BAB0B627-FFE9-4783-A4FC-EFD4160CA642}.Release|x86.Build.0 = Release|Win32
		{113D9DEC-7954-417A-8DE9-3BFE7E774156}.Debug|x64.ActiveCfg = Debug|x64
		{113D9DEC-7954-417A-8DE9-3BFE7E774156}.Debug|x64.Build.0 = Debug|x64
		{113D9DEC-7954-417A-8DE9-3BFE7E774156}.Debug|x86.ActiveCfg = Debug|Win32
		{113D9DEC-7954-417A-8DE9-3BFE7E774156}.Debug|x86.Build.0 = Debug|Win32
		{113D9DEC-7954-417A-8DE9-3BFE7E774156}.Release|x64.ActiveCfg = Release|x64
		{113D9DEC-7954-417A-8DE9-3BFE7E774156}.Release|x64.Build.0 = Release|x64
		{113D9DEC-7954-417A-8DE9-3BFE7E774156}.Release|x86.ActiveCfg = Release|Win32
		{113D9DEC-7954-417A-8DE9-3BFE7E774156}.Release|x86.Build.0 = Release|Win32
		{4D598EF6-B134-4C4F-9E08-4C412349A370}.Debug|x64.ActiveCfg = Debug|x64
		{4D598EF6-B134-4C4F-9E08-4C412349A370}.Debug|x64.Build.0 = Debug|x64
		{4D598EF6-B134-4C4F-9E08-4C412349A370}.Debug|x86.ActiveCfg = Debug|Win32
		{4D598EF6-B134-4C4F-9E08-4C412349A370}.Debug|x86.Build.0 = Debug|Win32
		{4D598EF6-B134-4C4F-9E08-4C412349A370}.Release|x64.ActiveCfg = Release|x64
		{4D598EF6-B134-4C4F-9E08-4C412349A370}.Release|x64.Build.0 = Release|x64
		{4D598EF6-B134-4C4F-9E08-4C412349A370}.Release|x86.ActiveCfg = Release|Win32
		{4D598EF6-B134-4C4F-9E08-4C412349A370}.Release|x86.Build.0 = Release|Win32
		{B75729EC-82DF-4F1E-92D3-2192E6D1493E}.Debug|x64.ActiveCfg = Debug|x64
		{B75729EC-82DF-4F1E-92D3-2192E6D1493E}.Debug|x64.Build.0 = Debug|x64
		{B75729EC-82DF-4F1E-92D3-2192E6D1493E}.Debug|x86.ActiveCfg = Debug|Win32
		{B75729EC-82DF-4F1E-92D3-2192E6D1493E}.Debug|x86.Build.0 = Debug|Win32
		{B75729EC-82DF-4F1E-92D3-2192E6D1493E}.Release|x64.ActiveCfg = Release|x64
		{B75729EC-82DF-4F1E-92D3-2192E6D1493E}.Release|x64.Build.0 = Release|x64
		{B75729EC-82DF-4F1E-92D3-2192E6D1493E}.Release|x86.ActiveCfg = Release|Win32
		{B75729EC-82DF-4F1E-92D3-2192E6D1493E}.Release|x86.Build.0 = Release|Win32
		{97546273-DC88-45E0-AEBF-14D8287A9175}.Debug|x64.ActiveCfg = Debug|x64
		{97546273-DC88-45E0-AEBF-14D8287A9175}.Debug|x64.Build.0 = Debug|x64
		{97546273-DC88-45E0-AEBF-14D8287A9175}.Debug|x86.ActiveCfg = Debug|Win32
		{97546273-DC88-45E0-AEBF-14D8287A9175}.Debug|x86.Build.0 = Debug|Win32
		{97546273-DC88-45E0-AEBF-14D8287A9175}.Release|x64.ActiveCfg = Release|x64
		{97546273-DC88-45E0-AEBF-14D8287A9175}.Release|x64.Build.0 = Release|x64
		{97546273-DC88-45E0-AEBF-14D8287A9175}.Release|x86.ActiveCfg = Release|Win32
		{97546273-DC88-45E0-AEBF-14D8287A9175}.Release|x86.Build.0 = Release|Win32
		{1CC62F7B-90C0-4400-BA9E-445634F4A713}.Debug|x64.ActiveCfg = Debug|x64
		{1CC62F7B-90C0-4400-BA9E-445634F4A713}.Debug|x64.Build.0 = Debug|x64
		{1CC62F7B-90C0-4400-BA9E-445634F4A713}.Debug|x86.ActiveCfg = Debug|Win32
		{1CC62F7B-90C0-4400-BA9E-445634F4A713}.Debug|x86.Build.0 = Debug|Win32
		{1CC62F7B-90C0-4400-BA9E-445634F4A713}.Release|x64.ActiveCfg = Release|x64
		{1CC62F7B-90C0-4400-BA9E-445634F4A713}.Release|x64.Build.0 = Release|x64
		{1CC62F7B-90C0-4400-BA9E-445634F4A713}.Release|x86.ActiveCfg = Release|Win32
		{1CC62F7B-90C0-4400-BA9E-445634F4A713}.Release|x86.Build.0 = Release|Win32
		{9109B99B-06EC-4E59-A964-58FC0B7F9FEC}.Debug|x64.ActiveCfg = Debug|x64
		{9109B99B-06EC-4E59-A964-58FC0B7F9FEC}.Debug|x64.Build.0 = Debug|x64
		{9109B99B-06EC-4E59-A964-58FC0B7F9FEC}.Debug|x86.ActiveCfg = Debug|Win32
		{9109B99B-06EC-4E59-A964-58FC0B7F9FEC}.Debug|x86.Build.0 = Debug|Win32
		{9109B99B-06EC-4E59-A964-58FC0B7F9FEC}.Release|x64.ActiveCfg = Release|x64
		{9109B99B-06EC-4E59-A964-58FC0B7F9FEC}.Release|x64.Build.0 = Release|x64
		{9109B99B-06EC-4E59-A964-58FC0B7F9FEC}.Release|x86.ActiveCfg = Release|Win32
		{9109B99B-06EC-4E59-A964-58FC0B7F9FEC}.Release|x86.Build.0 = Release|Win32
		{05EE3FB3-74D2-4DF2-8F5F-3155D23D8260}.Debug|x64.ActiveCfg = Debug|x64
		{05EE3FB3-74D2-4DF2-8F5F-3155D23D8260}.Debug|x64.Build.0 = Debug|x64
		{05EE3FB3-74D2-4DF2-8F5F-3155D23D8260}.Debug|x86.ActiveCfg = Debug|Win32
		{05EE3FB3-74D2-4DF2-8F5F-3155D23D8260}.Debug|x86.Build.0 = Debug|Win32
		{05EE3FB3-74D2-4DF2-8F5F-3155D23D8260}.Release|x64.ActiveCfg = Release|x64
		{05EE3FB3-74D2-4DF2-8F5F-3155D23D8260}.Release|x64.Build.0 = Release|x64
		{05EE3FB3-74D2-4DF2-8F5F-3155D23D8260}.Release|x86.ActiveCfg = Release|Win32
		{05EE3FB3-74D2-4DF2-8F5F-3155D23D8260}.Release|x86.Build.0 = Release|Win32
		{B32070EA-EA4C-4F2B-9514-D05729307398}.Debug|x64.ActiveCfg = Debug|x64
		{B32070EA-EA4C-4F2B-9514-D05729307398}.Debug|x64.Build.0 = Debug|x64
		{B32070EA-EA4C-4F2B-9514-D05729307398}.Debug|x86.ActiveCfg = Debug|Win32
		{B32070EA-EA4C-4F2B-9514-D05729307398}.Debug|x86.Build.0 = Debug|Win32
		{B32070EA-EA4C-4F2B-9514-D05729307398}.Release|x64.ActiveCfg = Release|x64
		{B32070EA-EA4C-4F2B-9514-D05729307398}.Release|x64.Build.0 = Release|x64
		{B32070EA-EA4C-4F2B-9514-D05729307398}.Release|x86.ActiveCfg = Release|Win32
		{B32070EA-EA4C-4F2B-9514-D05729307398}.Release|x86.Build.0 = Release|Win32
		{BDCFB364-23F2-4B12-A660-4220C07A159F}.Debug|x64.ActiveCfg = Debug|x64
		{BDCFB364-23F2-4B12-A660-4220C07A159F}.Debug|x64.Build.0 = Debug|x64
		{BDCFB364-23F2-4B12-A660-4220C07A159F}.Debug|x86.ActiveCfg = Debug|Win32
		{BDCFB364-23F2-4B12-A660-4220C07A159F}.Debug|x86.Build.0 = Debug|Win32
		{BDCFB364-23F2-4B12-A660-4220C07A159F}.Release|x64.ActiveCfg = Release|x64
		{BDCFB364-23F2-4B12-A660-4220C07A159F}.Release|x64.Build.0 = Release|x64
		{BDCFB364-23F2-4B12-A660-4220C07A159F}.Release|x86.ActiveCfg = Release|Win32
		{BDCFB364-23F2-4B12-A660-4220C07A159F}.Release|x86.Build.0 = Release|Win32
		{39CE2AB2-5F0F-4490-B40E-DECDCCA2F084}.Debug|x64.ActiveCfg = Debug|x64
		{39CE2AB2-5F0F-4490-B40E-DECDCCA2F084}.Debug|x64.Build.0 = Debug|x64
		{39CE2AB2-5F0F-4490-B40E-DECDCCA2F084}.Debug|x86.ActiveCfg = Debug|Win32
		{39CE2AB2-5F0F-4490-B40E-DECDCCA2F084}.Debug|x86.Build.0 = Debug|Win32
		{39CE2AB2-5F0F-4490-B40E-DECDCCA2F084}.Release|x64.ActiveCfg = Release|x64
		{39CE2AB2-5F0F-4490-B40E-DECDCCA2F084}.Release|x64.Build.0 = Release|x64
		{39CE2AB2-5F0F-4490-B40E-DECDCCA2F084}.Release|x86.ActiveCfg = Release|Win32
		{39CE2AB2-5F0F-4490-B40E-DECDCCA2F084}.Release|x86.Build.0 = Release|Win32
		{DCBEE398-1B69-4EB5-A5F4-24582746F5DC}.Debug|x64.ActiveCfg = Debug|x64
		{DCBEE398-1B69-4EB5-A5F4-24582746F5DC}.Debug|x64.Build.0 = Debug|x64
		{DCBEE398-1B69-4EB5-A5F4-24582746F5DC}.Debug|x86.ActiveCfg = Debug|Win32
		{DCBEE398-1B69-4EB5-A5F4-24582746F5DC}.Debug|x86.Build.0 = Debug|Win32
		{DCBEE398-1B69-4EB5-A5F4-24582746F5DC}.Release|x64.ActiveCfg = Release|x64
		{DCBEE398-1B69-4EB5-A5F4-24582746F5DC}.Release|x64.Build.0 = Release|x64
		{DCBEE398-1B69-4EB5-A5F4-24582746F5DC}.Release|x86.ActiveCfg = Release|Win32
		{DCBEE398-1B69-4EB5-A5F4-24582746F5DC}.Release|x86.Build.0 = Release|Win32
		{DC792318-A8E7-4578-AECF-E25663E7FE06}.Debug|x64.ActiveCfg = Debug|x64
		{DC792318-A8E7-4578-AECF-E25663E7FE06}.Debug|x64.Build.0 = Debug|x64
		{DC792318-A8E7-4578-AECF-E25663E7FE06}.Debug|x86.ActiveCfg = Debug|Win32
		{DC792318-A8E7-4578-AECF-E25663E7FE06}.Debug|x86.Build.0 = Debug|Win32
		{DC792318-A8E7-4578-AECF-E25663E7FE06}.Release|x64.ActiveCfg = Release|x64
		{DC792318-A8E7-4578-AECF-E25663E7FE06}.Release|x64.Build.0 = Release|x64
		{DC792318-A8E7-4578-AECF-E25663E7FE06}.Release|x86.ActiveCfg = Release|Win32
		{DC792318-A8E7-4578-AECF-E25663E7FE06}.Release|x86.Build.0 = Release|Win32
		{6CB95898-D6F7-477B-A6BD-4DCAD109FDAD}.Debug|x64.ActiveCfg = Debug|x64
		{6CB95898-D6F7-477B-A6BD-4DCAD109FDAD}.Debug|x64.Build.0 = Debug|x64
		{6CB95898-D6F7-477B-A6BD-4DCAD109FDAD}.Debug|x86.ActiveCfg = Debug|Win32
		{6CB95898-D6F7-477B-A6BD-4DCAD109FDAD}.Debug|x86.Build.0 = Debug|Win32
		{6CB95898-D6F7-477B-A6BD-4DCAD109FDAD}.Release|x64.ActiveCfg = Release|x64
		{6CB95898-D6F7-477B-A6BD-4DCAD109FDAD}.Release|x64.Build.0 = Release|x64
		{6CB95898-D6F7-477B-A6BD-4DCAD109FDAD}.Release|x86.ActiveCfg = Release|Win32
		{6CB95898-D6F7-477B-A6BD-4DCAD109FDAD}.Release|x86.Build.0 = Release|Win32
		{C109527C-4F15-46DB-8760-B98A0DBB5B06}.Debug|x64.ActiveCfg = Debug|x64
		{C109527C-4F15-46DB-8760-B98A0DBB5B06}.Debug|x64.Build.0 = Debug|x64
		{C109527C-4F15-46DB-8760-B98A0DBB5B06}.Debug|x86.ActiveCfg = Debug|Win32
		{C109527C-4F15-46DB-8760-B98A0DBB5B06}.Debug|x86.Build.0 = Debug|Win32
		{C109527C-4F15-46DB-8760-B98A0DBB5B06}.Release|x64.ActiveCfg = Release|x64
		{C109527C-4F15-46DB-8760-B98A0DBB5B06}.Release|x64.Build.0 = Release|x64
		{C109527C-4F15-46DB-8760-B98A0DBB5B06}.Release|x86.ActiveCfg = Release|Win32
		{C109527C-4F15-46DB-8760-B98A0DBB5B06}.Release|x86.Build.0 = Release|Win32
		{0BF0FF54-33D7-4270-ABE9-E734A9FA5044}.Debug|x64.ActiveCfg = Debug|x64
		{0BF0FF54-33D7-4270-ABE9-E734A9FA5044}.Debug|x64.Build.0 = Debug|x64
		{0BF0FF54-33D7-4270-ABE9-E734A9FA5044}.Debug|x86.ActiveCfg = Debug|Win32
		{0BF0FF54-33D7-4270-ABE9-E734A9FA5044}.Debug|x86.Build.0 = Debug|Win32
		{0BF0FF54-33D7-4270-ABE9-E734A9FA5044}.Release|x64.ActiveCfg = Release|x64
		{0BF0FF54-33D7-4270-ABE9-E734A9FA5044}.Release|x64.Build.0 = Release|x64
		{0BF0FF54-33D7-4270-ABE9-E734A9FA5044}.Release|x86.ActiveCfg = Release|Win32
		{0BF0FF54-33D7-4270-ABE9-E734A9FA5044}.Release|x86.Build.0 = Release|Win32
		{8DEBB215-3EB5-4434-AADF-BF3B5ABEE4F3}.Debug|x64.ActiveCfg = Debug|x64
		{8DEBB215-3EB5-4434-AADF-BF3B5ABEE4F3}.Debug|x64.Build.0 = Debug|x64
		{8DEBB215-3EB5-4434-AADF-BF3B5ABEE4F3}.Debug|x86.ActiveCfg = Debug|Win32
		{8DEBB215-3EB5-4434-AADF-BF3B5ABEE4F3}.Debug|x86.Build.0 = Debug|Win32
		{8DEBB215-3EB5-4434-AADF-BF3B5ABEE4F3}.Release|x64.ActiveCfg = Release|x64
		{8DEBB215-3EB5-4434-AADF-BF3B5ABEE4F3}.Release|x64.Build.0 = Release|x64
		{8DEBB215-3EB5-4434-AADF-BF3B5ABEE4F3}.Release|x86.ActiveCfg = Release|Win32
		{8DEBB215-3EB5-4434-AADF-BF3B5ABEE4F3}.Release|x86.Build.0 = Release|Win32
		{F1A09F82-8300-4513-A8FC-4CA5DE94214C}.Debug|x64.ActiveCfg = Debug|x64
		{F1A09F82-8300-4513-A8FC-4CA5DE94214C}.Debug|x64.Build.0 = Debug|x64
		{F1A09F82-8300-4513-A8FC-4CA5DE94214C}.Debug|x86.ActiveCfg = Debug|Win32
		{F1A09F82-8300-4513-A8FC-4CA5DE94214C}.Debug|x86.Build.0 = Debug|Win32
		{F1A09F82-8300-4513-A8FC-4CA5DE94214C}.Release|x64.ActiveCfg = Release|x64
		{F1A09F82-8300-4513-A8FC-4CA5DE94214C}.Release|x64.Build.0 = Release|x64
		{F1A09F82-8300-4513-A8FC-4CA5DE94214C}.Release|x86.ActiveCfg = Release|Win32
		{F1A09F82-8300-4513-A8FC-4CA5DE94214C}.Release|x86.Build.0 = Release|Win32
		{FF261D65-5D01-45E0-B6B9-D7DD6FCEA523}.Debug|x64.ActiveCfg = Debug|x64
		{FF261D65-5D01-45E0-B6B9-D7DD6FCEA523}.Debug|x64.Build.0 = Debug|x64
		{FF261D65-5D01-45E0-B6B9-D7DD6FCEA523}.Debug|x86.ActiveCfg = Debug|Win32
		{FF261D65-5D01-45E0-B6B9-D7DD6FCEA523}.Debug|x86.Build.0 = Debug|Win32
		{FF261D65-5D01-45E0-B6B9-D7DD6FCEA523}.Release|x64.ActiveCfg = Release|x64
		{FF261D65-5D01-45E0-B6B9-D7DD6FCEA523}.Release|x64.Build.0 = Release|x64
		{FF261D65-5D01-45E0-B6B9-D7DD6FCEA523}.Release|x86.ActiveCfg = Release|Win32
		{FF261D65-5D01-45E0-B6B9-D7DD6FCEA523}.Release|x86.Build.0 = Release|Win32
		{27A3ADC9-0F90-4563-A18C-BAA8C8382B0A}.Debug|x64.ActiveCfg = Debug|x64
		{27A3ADC9-0F90-4563-A18C-BAA8C8382B0A}.Debug|x64.Build.0 = Debug|x64
		{27A3ADC9-0F90-4563-A18C-BAA8C8382B0A}.Debug|x86.ActiveCfg = Debug|Win32
		{27A3ADC9-0F90-4563-A18C-BAA8C8382B0A}.Debug|x86.Build.0 = Debug|Win32
		{27A3ADC9-0F90-4563-A18C-BAA8C8382B0A}.Release|x64.ActiveCfg = Release|x64
		{27A3ADC9-0F90-4563-A18C-BAA8C8382B0A}.Release|x64.Build.0 = Release|x64
		{27A3ADC9-0F90-4563-A18C-BAA8C8382B0A}.Release|x86.ActiveCfg = Release|Win32
		{27A3ADC9-0F90-4563-A18C-BAA8C8382B0A}.Release|x86.Build.0 = Release|Win32
		{05E6B655-27E9-4410-86FE-CD49A434E348}.Debug|x64.ActiveCfg = Debug|x64
		{05E6B655-27E9-4410-86FE-CD49A434E348}.Debug|x64.Build.0 = Debug|x64
		{05E6B655-27E9-4410-86FE-CD49A434E348}.Debug|x86.ActiveCfg = Debug|Win32
		{05E6B655-27E9-4410-86FE-CD49A434E348}.Debug|x86.Build.0 = Debug|Win32
		{05E6B655-27E9-4410-86FE-CD49A434E348}.Release|x64.ActiveCfg = Release|x64
		{05E6B655-27E9-4410-86FE-CD49A434E348}.Release|x64.Build.0 = Release|x64
		{05E6B655-27E9-4410-86FE-CD49A434E348}.Release|x86.ActiveCfg = Release|Win32
		{05E6B655-27E9-4410-86FE-CD49A434E348}.Release|x86.Build.0 = Release|Win32
		{1879BD52-EDA1-4184-B478-9A41EAEC419D}.Debug|x64.ActiveCfg = Debug|x64
		{1879BD52-EDA1-4184-B478-9A41EAEC419D}.Debug|x64.Build.0 = Debug|x64
		{1879BD52-EDA1-4184-B478-9A41EAEC419D}.Debug|x86.ActiveCfg = Debug|Win32
		{1879BD52-EDA1-4184-B478-9A41EAEC419D}.Debug|x86.Build.0 = Debug|Win32
		{1879BD52-EDA1-4184-B478-9A41EAEC419D}.Release|x64.ActiveCfg = Release|x64
		{1879BD52-EDA1-4184-B478-9A41EAEC419D}.Release|x64.Build.0 = Release|x64
		{1879BD52-EDA1-4184-B478-9A41EAEC419D}.Release|x86.ActiveCfg = Release|Win32
		{1879BD52-EDA1-4184-B478-9A41EAEC419D}.Release|x86.Build.0 = Release|Win32
		{054028F9-FDD5-4011-BB7C-4BB69EA4ED47}.Debug|x64.ActiveCfg = Debug|x64
		{054028F9-FDD5-4011-BB7C-4BB69EA4ED47}.Debug|x64.Build.0 = Debug|x64
		{054028F9-FDD5-4011-BB7C-4BB69EA4ED47}.Debug|x86.ActiveCfg = Debug|Win32
		{054028F9-FDD5-4011-BB7C-4BB69EA4ED47}.Debug|x86.Build.0 = Debug|Win32
		{054028F9-FDD5-4011-BB7C-4BB69EA4ED47}.Release|x64.ActiveCfg = Release|x64
		{054028F9-FDD5-4011-BB7C-4BB69EA4ED47}.Release|x64.Build.0 = Release|x64
		{054028F9-FDD5-4011-BB7C-4BB69EA4ED47}.Release|x86.ActiveCfg = Release|Win32
		{054028F9-FDD5-4011-BB7C-4BB69EA4ED47}.Release|x86.Build.0 = Release|Win32
		{363A0197-BBC8-46DE-B383-337B9A4F5D3D}.Debug|x64.ActiveCfg = Debug|x64
		{363A0197-BBC8-46DE-B383-337B9A4F5D3D}.Debug|x64.Build.0 = Debug|x64
		{363A0197-BBC8-46DE-B383-337B9A4F5D3D}.Debug|x86.ActiveCfg = Debug|Win32
		{363A0197-BBC8-46DE-B383-337B9A4F5D3D}.Debug|x86.Build.0 = Debug|Win32
		{363A0197-BBC8-46DE-B383-337B9A4F5D3D}.Release|x64.ActiveCfg = Release|x64
		{363A0197-BBC8-46DE-B383-337B9A4F5D3D}.Release|x64.Build.0 = Release|x64
		{363A0197-BBC8-46DE-B383-337B9A4F5D3D}.Release|x86.ActiveCfg = Release|Win32
		{363A0197-BBC8-46DE-B383-337B9A4F5D3D}.Release|x86.Build.0 = Release|Win32
		{8633305A-AE45-4AC9-BF44-8A3D49659DC8}.Debug|x64.ActiveCfg = Debug|x64
		{8633305A-AE45-4AC9-BF44-8A3D49659DC8}.Debug|x64.Build.0 = Debug|x64
		{8633305A-AE45-4AC9-BF44-8A3D49659DC8}.Debug|x86.ActiveCfg = Debug|Win32
		{8633305A-AE45-4AC9-BF44-8A3D49659DC8}.Debug|x86.Build.0 = Debug|Win32
		{8633305A-AE45-4AC9-BF44-8A3D49659DC8}.Release|x64.ActiveCfg = Release|x64
		{8633305A-AE45-4AC9-BF44-8A3D49659DC8}.Release|x64.Build.0 = Release|x64
		{8633305A-AE45-4AC9-BF44-8A3D49659DC8}.Release|x86.ActiveCfg = Release|Win32
		{8633305A-AE45-4AC9-BF44-8A3D49659DC8}.Release|x86.Build.0 = Release|Win32
		{AB45E8DB-3B77-4AF6-A9E4-A8C848D7ECF9}.Debug|x64.ActiveCfg = Debug|x64
		{AB45E8DB-3B77-4AF6-A9E4-A8C848D7ECF9}.Debug|x64.Build.0 = Debug|x64
		{AB45E8DB-3B77-4AF6-A9E4-A8C848D7ECF9}.Debug|x86.ActiveCfg = Debug|Win32
		{AB45E8DB-3B77-4AF6-A9E4-A8C848D7ECF9}.Debug|x86.Build.0 = Debug|Win32
		{AB45E8DB-3B77-4AF6-A9E4-A8C848D7ECF9}.Release|x64.ActiveCfg = Release|x64
		{AB45E8DB-3B77-4AF6-A9E4-A8C848D7ECF9}.Release|x64.Build.0 = Release|x64
		{AB45E8DB-3B77-4AF6-A9E4-A8C848D7ECF9}.Release|x86.ActiveCfg = Release|Win32
		{AB45E8DB-3B77-4AF6-A9E4-A8C848D7ECF9}.Release|x86.Build.0 = Release|Win32
		{430EE201-64B7-4EAC-AC92-88C68D3F0666}.Debug|x64.ActiveCfg = Debug|x64
		{430EE201-64B7-4EAC-AC92-88C68D3F0666}.Debug|x64.Build.0 = Debug|x64
		{430EE201-64B7-4EAC-AC92-88C68D3F0666}.Debug|x86.ActiveCfg = Debug|Win32
		{430EE201-64B7-4EAC-AC92-88C68D3F0666}.Debug|x86.Build.0 = Debug|Win32
		{430EE201-64B7-4EAC-AC92-88C68D3F0666}.Release|x64.ActiveCfg = Release|x64
		{430EE201-64B7-4EAC-AC92-88C68D3F0666}.Release|x64.Build.0 = Release|x64
		{430EE201-64B7-4EAC-AC92-88C68D3F0666}.Release|x86.ActiveCfg = Release|Win32
		{430EE201-64B7-4EAC-AC92-88C68D3F0666}.Release|x86.Build.0 = Release|Win32
		{AD655337-FE5B-4372-8B82-A2AEE0F17DF7}.Debug|x64.ActiveCfg = Debug|x64
		{AD655337-FE5B-4372-8B82-A2AEE0F17DF7}.Debug|x64.Build.0 = Debug|x64
		{AD655337-FE5B-4372-8B82-A2AEE0F17DF7}.Debug|x86.ActiveCfg = Debug|Win32
		{AD655337-FE5B-4372-8B82-A2AEE0F17DF7}.Debug|x86.Build.0 = Debug|Win32
		{AD655337-FE5B-4372-8B82-A2AEE0F17DF7}.Release|x64.ActiveCfg = Release|x64
		{AD655337-FE5B-4372-8B82-A2AEE0F17DF7}.Release|x64.Build.0 = Release|x64
		{AD655337-FE5B-4372-8B82-A2AEE0F17DF7}.Release|x86.ActiveCfg = Release|Win32
		{AD655337-FE5B-4372-8B82-A2AEE0F17DF7}.Release|x86.Build.0 = Release|Win32
		{37C2EDEF-E640-4A32-96FC-E0D6FDA72557}.Debug|x64.ActiveCfg = Debug|x64
		{37C2EDEF-E640-4A32-96FC-E0D6FDA72557}.Debug|x64.Build.0 = Debug|x64
		{37C2EDEF-E640-4A32-96FC-E0D6FDA72557}.Debug|x86.ActiveCfg = Debug|Win32
		{37C2EDEF-E640-4A32-96FC-E0D6FDA72557}.Debug|x86.Build.0 = Debug|Win32
		{37C2EDEF-E640-4A32-96FC-E0D6FDA72557}.Release|x64.ActiveCfg = Release|x64
		{37C2EDEF-E640-4A32-96FC-E0D6FDA72557}.Release|x64.Build.0 = Release|x64
		{37C2EDEF-E640-4A32-96FC-E0D6FDA72557}.Release|x86.ActiveCfg = Release|Win32
		{37C2EDEF-E640-4A32-96FC-E0D6FDA72557}.Release|x86.Build.0 = Release|Win32
		{F8B0F0CD-EC90-4040-9D43-DBA4E73DD96F}.Debug|x64.ActiveCfg = Debug|x64
		{F8B0F0CD-EC90-4040-9D43-DBA4E73DD96F}.Debug|x64.Build.0 = Debug|x64
		{F8B0F0CD-EC90-4040-9D43-DBA4E73DD96F}.Debug|x86.ActiveCfg = Debug|Win32
		{F8B0F0CD-EC90-4040-9D43-DBA4E73DD96F}.Debug|x86.Build.0 = Debug|Win32
		{F8B0F0CD-EC90-4040-9D43-DBA4E73DD96F}.Release|x64.ActiveCfg = Release|x64
		{F8B0F0CD-EC90-4040-9D43-DBA4E73DD96F}.Release|x64.Build.0 = Release|x64
		{F8B0F0CD-EC90-4040-9D43-DBA4E73DD96F}.Release|x86.ActiveCfg = Release|Win32
		{F8B0F0CD-EC90-4040-9D43-DBA4E73DD96F}.Release|x86.Build.0 = Release|Win32
		{F36D56F9-CC78-41CF-BD76-49B30C70BCA8}.Debug|x64.ActiveCfg = Debug|x64
		{F36D56F9-CC78-41CF-BD76-49B30C70BCA8}.Debug|x64.Build.0 = Debug|x64
		{F36D56F9-CC78-41CF-BD76-49B30C70BCA8}.Debug|x86.ActiveCfg = Debug|Win32
		{F36D56F9-CC78-41CF-BD76-49B30C70BCA8}.Debug|x86.Build.0 = Debug|Win32
		{F36D56F9-CC78-41CF-BD76-49B30C70BCA8}.Release|x64.ActiveCfg = Release|x64
		{F36D56F9-CC78-41CF-BD76-49B30C70BCA8}.Release|x64.Build.0 = Release|x64
		{F36D56F9-CC78-41CF-BD76-49B30C70BCA8}.Release|x86.ActiveCfg = Release|Win32
		{F36D56F9-CC78-41CF-BD76-49B30C70BCA8}.Release|x86.Build.0 = Release|Win32
		{D021E022-9826-4CD1-A887-F4B5C1FC72A8}.Debug|x64.ActiveCfg = Debug|x64
		{D021E022-9826-4CD1-A887-F4B5C1FC72A8}.Debug|x64.Build.0 = Debug|x64
		{D021E022-9826-4CD1-A887-F4B5C1FC72A8}.Debug|x86.ActiveCfg = Debug|Win32
		{D021E022-9826-4CD1-A887-F4B5C1FC72A8}.Debug|x86.Build.0 = Debug|Win32
		{D021E022-9826-4CD1-A887-F4B5C1FC72A8}.Release|x64.ActiveCfg = Release|x64
		{D021E022-9826-4CD1-A887-F4B5C1FC72A8}.Release|x64.Build.0 = Release|x64
		{D021E022-9826-4CD1-A887-F4B5C1FC72A8}.Release|x86.ActiveCfg = Release|Win32
		{D021E022-9826-4CD1-A887-F4B5C1FC72A8}.Release|x86.Build.0 = Release|Win32
		{92489B80-4DF2-4C0D-A0C6-37D2FBEE7ADF}.Debug|x64.ActiveCfg = Debug|x64
		{92489B80-4DF2-4C0D-A0C6-37D2FBEE7ADF}.Debug|x64.Build.0 = Debug|x64
		{92489B80-4DF2-4C0D-A0C6-37D2FBEE7ADF}.Debug|x86.ActiveCfg = Debug|Win32
		{92489B80-4DF2-4C0D-A0C6-37D2FBEE7ADF}.Debug|x86.Build.0 = Debug|Win32
		{92489B80-4DF2-4C0D-A0C6-37D2FBEE7ADF}.Release|x64.ActiveCfg = Release|x64
		{92489B80-4DF2-4C0D-A0C6-37D2FBEE7ADF}.Release|x64.Build.0 = Release|x64
		{92489B80-4DF2-4C0D-A0C6-37D2FBEE7ADF}.Release|x86.ActiveCfg = Release|Win32
		{92489B80-4DF2-4C0D-A0C6-37D2FBEE7ADF}.Release|x86.Build.0 = Release|Win32
		{9951094F-191B-4AAF-A34F-15C7ACA29DC8}.Debug|x64.ActiveCfg = Debug|x64
		{9951094F-191B-4AAF-A34F-15C7ACA29DC8}.Debug|x64.Build.0 = Debug|x64
		{9951094F-191B-4AAF-A34F-15C7ACA29DC8}.Debug|x86.ActiveCfg = Debug|Win32
		{9951094F-191B-4AAF-A34F-15C7ACA29DC8}.Debug|x86.Build.0 = Debug|Win32
		{9951094F-191B-4AAF-A34F-15C7ACA29DC8}.Release|x64.ActiveCfg = Release|x64
		{9951094F-191B-4AAF-A34F-15C7ACA29DC8}.Release|x64.Build.0 = Release|x64
		{9951094F-191B-4AAF-A34F-15C7ACA29DC8}.Release|x86.ActiveCfg = Release|Win32
		{9951094F-191B-4AAF-A34F-15C7ACA29DC8}.Release|x86.Build.0 = Release|Win32
		{1E3AEF22-7676-4D69-9AB3-FEF44A6B11FB}.Debug|x64.ActiveCfg = Debug|x64
		{1E3AEF22-7676-4D69-9AB3-FEF44A6B11FB}.Debug|x64.Build.0 = Debug|x64
		{1E3AEF22-7676-4D69-9AB3-FEF44A6B11FB}.Debug|x86.ActiveCfg = Debug|Win32
		{1E3AEF22-7676-4D69-9AB3-FEF44A6B11FB}.Debug|x86.Build.0 = Debug|Win32
		{1E3AEF22-7676-4D69-9AB3-FEF44A6B11FB}.Release|x64.ActiveCfg = Release|x64
		{1E3AEF22-7676-4D69-9AB3-FEF44A6B11FB}.Release|x64.Build.0 = Release|x64
		{1E3AEF22-7676-4D69-9AB3-FEF44A6B11FB}.Release|x86.ActiveCfg = Release|Win32
		{1E3AEF22-7676-4D69-9AB3-FEF44A6B11FB}.Release|x86.Build.0 = Release|Win32
		{77382351-7BE7-460B-92F3-8D2CE1B2DD9A}.Debug|x64.ActiveCfg = Debug|x64
		{77382351-7BE7-460B-92F3-8D2CE1B2DD9A}.Debug|x64.Build.0 = Debug|x64
		{77382351-7BE7-460B-92F3-8D2CE1B2DD9A}.Debug|x86.ActiveCfg = Debug|Win32
		{77382351-7BE7-460B-92F3-8D2CE1B2DD9A}.Debug|x86.Build.0 = Debug|Win32
		{77382351-7BE7-460B-92F3-8D2CE1B2DD9A}.Release|x64.ActiveCfg = Release|x64
		{77382351-7BE7-460B-92F3-8D2CE1B2DD9A}.Release|x64.Build.0 = Release|x64
		{77382351-7BE7-460B-92F3-8D2CE1B2DD9A}.Release|x86.ActiveCfg = Release|Win32
		{77382351-7BE7-460B-92F3-8D2CE1B2DD9A}.Release|x86.Build.0 = Release|Win32
		{2ADA2A66-A40A-4BFC-9E69-A1E923A2BAEA}.Debug|x64.ActiveCfg = Debug|x64
		{2ADA2A66-A40A-4BFC-9E69-A1E923A2BAEA}.Debug|x64.Build.0 = Debug|x64
		{2ADA2A66-A40A-4BFC-9E69-A1E923A2BAEA}.Debug|x86.ActiveCfg = Debug|Win32
		{2ADA2A66-A40A-4BFC-9E69-A1E923A2BAEA}.Debug|x86.Build.0 = Debug|Win32
		{2ADA2A66-A40A-4BFC-9E69-A1E923A2BAEA}.Release|x64.ActiveCfg = Release|x64
		{2ADA2A66-A40A-4BFC-9E69-A1E923A2BAEA}.Release|x64.Build.0 = Release|x64
		{2ADA2A66-A40A-4BFC-9E69-A1E923A2BAEA}.Release|x86.ActiveCfg = Release|Win32
		{2ADA2A66-A40A-4BFC-9E69-A1E923A2BAEA}.Release|x86.Build.0 = Release|Win32
		{B01AF297-3CEF-4753-BB03-465AD0CE5B46}.Debug|x64.ActiveCfg = Debug|x64
		{B01AF297-3CEF-4753-BB03-465AD0CE5B46}.Debug|x64.Build.0 = Debug|x64
		{B01AF297-3CEF-4753-BB03-465AD0CE5B46}.Debug|x86.ActiveCfg = Debug|Win32
		{B01AF297-3CEF-4753-BB03-465AD0CE5B46}.Debug|x86.Build.0 = Debug|Win32
		{B01AF297-3CEF-4753-BB03-465AD0CE5B46}.Release|x64.ActiveCfg = Release|x64
		{B01AF297-3CEF-4753-BB03-465AD0CE5B46}.Release|x64.Build.0 = Release|x64
		{B01AF297-3CEF-4753-BB03-465AD0CE5B46}.Release|x86.ActiveCfg = Release|Win32
		{B01AF297-3CEF-4753-BB03-465AD0CE5B46}.Release|x86.Build.0 = Release|Win32
		{98BFBB27-D4F5-453E-A91A-A1986C0231F4}.Debug|x64.ActiveCfg = Debug|x64
		{98BFBB27-D4F5-453E-A91A-A1986C0231F4}.Debug|x64.Build.0 = Debug|x64
		{98BFBB27-D4F5-453E-A91A-A1986C0231F4}.Debug|x86.ActiveCfg = Debug|Win32
		{98BFBB27-D4F5-453E-A91A-A1986C0231F4}.Debug|x86.Build.0 = Debug|Win32
		{98BFBB27-D4F5-453E-A91A-A1986C0231F4}.Release|x64.ActiveCfg = Release|x64
		{98BFBB27-D4F5-453E-A91A-A1986C0231F4}.Release|x64.Build.0 = Release|x64
		{98BFBB27-D4F5-453E-A91A-A1986C0231F4}.Release|x86.ActiveCfg = Release|Win32
		{98BFBB27-D4F5-453E-A91A-A1986C0231F4}.Release|x86.Build.0 = Release|Win32
		{E1808998-B1FF-4BBC-9EFA-8E12DDF1AEFC}.Debug|x64.ActiveCfg = Debug|x64
		{E1808998-B1FF-4BBC-9EFA-8E12DDF1AEFC}.Debug|x64.Build.0 = Debug|x64
		{E1808998-B1FF-4BBC-9EFA-8E12DDF1AEFC}.Debug|x86.ActiveCfg = Debug|Win32
		{E1808998-B1FF-4BBC-9EFA-8E12DDF1AEFC}.Debug|x86.Build.0 = Debug|Win32
		{E1808998-B1FF-4BBC-9EFA-8E12DDF1AEFC}.Release|x64.ActiveCfg = Release|x64
		{E1808998-B1FF-4BBC-9EFA-8E12DDF1AEFC}.Release|x64.Build.0 = Release|x64
		{E1808998-B1FF-4BBC-9EFA-8E12DDF1AEFC}.Release|x86.ActiveCfg = Release|Win32
		{E1808998-B1FF-4BBC-9EFA-8E12DDF1AEFC}.Release|x86.Build.0 = Release|Win32
		{286BB4B3-134C-43CE-A8B1-7720FD569E1D}.Debug|x64.ActiveCfg = Debug|x64
		{286BB4B3-134C-43CE-A8B1-7720FD569E1D}.Debug|x64.Build.0 = Debug|x64
		{286BB4B3-134C-43CE-A8B1-7720FD569E1D}.Debug|x86.ActiveCfg = Debug|Win32
		{286BB4B3-134C-43CE-A8B1-7720FD569E1D}.Debug|x86.Build.0 = Debug|Win32
		{286BB4B3-134C-43CE-A8B1-7720FD569E1D}.Release|x64.ActiveCfg = Release|x64
		{286BB4B3-134C-43CE-A8B1-7720FD569E1D}.Release|x64.Build.0 = Release|x64
		{286BB4B3-134C-43CE-A8B1-7720FD569E1D}.Release|x86.ActiveCfg = Release|Win32
		{286BB4B3-134C-43CE-A8B1-7720FD569E1D}.Release|x86.Build.0 = Release|Win32
		{60B86573-DFC7-4F36-872A-13241279435D}.Debug|x64.ActiveCfg = Debug|x64
		{60B86573-DFC7-4F36-872A-13241279435D}.Debug|x64.Build.0 = Debug|x64
		{60B86573-DFC7-4F36-872A-13241279435D}.Debug|x86.ActiveCfg = Debug|Win32
		{60B86573-DFC7-4F36-872A-13241279435D}.Debug|x86.Build.0 = Debug|Win32
		{60B86573-DFC7-4F36-872A-13241279435D}.Release|x64.ActiveCfg = Release|x64
		{60B86573-DFC7-4F36-872A-13241279435D}.Release|x64.Build.0 = Release|x64
		{60B86573-DFC7-4F36-872A-13241279435D}.Release|x86.ActiveCfg = Release|Win32
		{60B86573-DFC7-4F36-872A-13241279435D}.Release|x86.Build.0 = Release|Win32
	EndGlobalSection
	GlobalSection(SolutionProperties) = preSolution
		HideSolutionNode = FALSE
	EndGlobalSection
	GlobalSection(ExtensibilityGlobals) = postSolution
		SolutionGuid = {A6E980BE-DA04-4339-AC4D-874C0FFFF427}
	EndGlobalSection
EndGlobal
